
Microsoft Visual Studio Solution File, Format Version 12.00
# Visual Studio 2012
Project("{8BC9CEB8-8B4A-11D0-8D11-00A0C91BC942}") = "read_all_file_image", "read_all_file_image\read_all_file_image.vcxproj", "{027B5D9C-6F86-4603-8A0A-6031255FE90D}"
EndProject
Global
	GlobalSection(SolutionConfigurationPlatforms) = preSolution
		Debug|Win32 = Debug|Win32
		Release|Win32 = Release|Win32
	EndGlobalSection
	GlobalSection(ProjectConfigurationPlatforms) = postSolution
		{027B5D9C-6F86-4603-8A0A-6031255FE90D}.Debug|Win32.ActiveCfg = Debug|Win32
		{027B5D9C-6F86-4603-8A0A-6031255FE90D}.Debug|Win32.Build.0 = Debug|Win32
		{027B5D9C-6F86-4603-8A0A-6031255FE90D}.Release|Win32.ActiveCfg = Release|Win32
		{027B5D9C-6F86-4603-8A0A-6031255FE90D}.Release|Win32.Build.0 = Release|Win32
	EndGlobalSection
	GlobalSection(SolutionProperties) = preSolution
		HideSolutionNode = FALSE
	EndGlobalSection
EndGlobal
